
Microsoft Visual Studio Solution File, Format Version 12.00
# Visual Studio 15
Project("{FAE04EC0-301F-11D3-BF4B-00C04F79EFBC}") = "Assembly-CSharp", "Assembly-CSharp.csproj", "{4E3EC409-E48D-BD68-814F-684411DF4776}"
EndProject
Project("{FAE04EC0-301F-11D3-BF4B-00C04F79EFBC}") = "Assembly-CSharp-Editor", "Assembly-CSharp-Editor.csproj", "{13DD0D7B-DDEF-DF4A-81B0-1F2C5942A406}"
EndProject
Global
	GlobalSection(SolutionConfigurationPlatforms) = preSolution
		Debug|Any CPU = Debug|Any CPU
		Release|Any CPU = Release|Any CPU
	EndGlobalSection
	GlobalSection(ProjectConfigurationPlatforms) = postSolution
		{4E3EC409-E48D-BD68-814F-684411DF4776}.Debug|Any CPU.ActiveCfg = Debug|Any CPU
		{4E3EC409-E48D-BD68-814F-684411DF4776}.Debug|Any CPU.Build.0 = Debug|Any CPU
		{4E3EC409-E48D-BD68-814F-684411DF4776}.Release|Any CPU.ActiveCfg = Release|Any CPU
		{4E3EC409-E48D-BD68-814F-684411DF4776}.Release|Any CPU.Build.0 = Release|Any CPU
		{13DD0D7B-DDEF-DF4A-81B0-1F2C5942A406}.Debug|Any CPU.ActiveCfg = Debug|Any CPU
		{13DD0D7B-DDEF-DF4A-81B0-1F2C5942A406}.Debug|Any CPU.Build.0 = Debug|Any CPU
		{13DD0D7B-DDEF-DF4A-81B0-1F2C5942A406}.Release|Any CPU.ActiveCfg = Release|Any CPU
		{13DD0D7B-DDEF-DF4A-81B0-1F2C5942A406}.Release|Any CPU.Build.0 = Release|Any CPU
	EndGlobalSection
	GlobalSection(SolutionProperties) = preSolution
		HideSolutionNode = FALSE
	EndGlobalSection
EndGlobal
